// !$*UTF8*$!
{
	archiveVersion = 1;
	classes = {
	};
	objectVersion = 50;
	objects = {

/* Begin PBXBuildFile section */
		3F58A7D75352AB201CE74469 /* Pods_MDFTestingExample.framework in Frameworks */ = {isa = PBXBuildFile; fileRef = F6E77774A9873CAE97FDA065 /* Pods_MDFTestingExample.framework */; };
		6D3795EADFFC8D33661DF027 /* Pods_MDFTestingExampleTests.framework in Frameworks */ = {isa = PBXBuildFile; fileRef = C11C30C16CE0580787910EB0 /* Pods_MDFTestingExampleTests.framework */; };
		DD871059233A7EFD0014F4B7 /* MDFTestingExample.framework in Frameworks */ = {isa = PBXBuildFile; fileRef = DD87104F233A7EFD0014F4B7 /* MDFTestingExample.framework */; };
		DD87105E233A7EFD0014F4B7 /* MDFTestingExampleTests.m in Sources */ = {isa = PBXBuildFile; fileRef = DD87105D233A7EFD0014F4B7 /* MDFTestingExampleTests.m */; };
		DD871060233A7EFD0014F4B7 /* MDFTestingExample.h in Headers */ = {isa = PBXBuildFile; fileRef = DD871052233A7EFD0014F4B7 /* MDFTestingExample.h */; settings = {ATTRIBUTES = (Public, ); }; };
/* End PBXBuildFile section */

/* Begin PBXContainerItemProxy section */
		DD87105A233A7EFD0014F4B7 /* PBXContainerItemProxy */ = {
			isa = PBXContainerItemProxy;
			containerPortal = DD871046233A7EFD0014F4B7 /* Project object */;
			proxyType = 1;
			remoteGlobalIDString = DD87104E233A7EFD0014F4B7;
			remoteInfo = MDFTestingExample;
		};
/* End PBXContainerItemProxy section */

/* Begin PBXFileReference section */
		4B3F5953F119D0A3DAD77F6F /* Pods-MDFTestingExample.debug.xcconfig */ = {isa = PBXFileReference; includeInIndex = 1; lastKnownFileType = text.xcconfig; name = "Pods-MDFTestingExample.debug.xcconfig"; path = "Target Support Files/Pods-MDFTestingExample/Pods-MDFTestingExample.debug.xcconfig"; sourceTree = "<group>"; };
		530877F2D8E8C01AC18840AF /* Pods-MDFTestingExample-MDFTestingExampleTests.release.xcconfig */ = {isa = PBXFileReference; includeInIndex = 1; lastKnownFileType = text.xcconfig; name = "Pods-MDFTestingExample-MDFTestingExampleTests.release.xcconfig"; path = "Target Support Files/Pods-MDFTestingExample-MDFTestingExampleTests/Pods-MDFTestingExample-MDFTestingExampleTests.release.xcconfig"; sourceTree = "<group>"; };
		571FA44A9DE51C32011ED73B /* Pods-MDFTestingExample-MDFTestingExampleTests.debug.xcconfig */ = {isa = PBXFileReference; includeInIndex = 1; lastKnownFileType = text.xcconfig; name = "Pods-MDFTestingExample-MDFTestingExampleTests.debug.xcconfig"; path = "Target Support Files/Pods-MDFTestingExample-MDFTestingExampleTests/Pods-MDFTestingExample-MDFTestingExampleTests.debug.xcconfig"; sourceTree = "<group>"; };
		6638BE40B1620AEBCF0E190E /* Pods-MDFTestingExampleTests.release.xcconfig */ = {isa = PBXFileReference; includeInIndex = 1; lastKnownFileType = text.xcconfig; name = "Pods-MDFTestingExampleTests.release.xcconfig"; path = "Target Support Files/Pods-MDFTestingExampleTests/Pods-MDFTestingExampleTests.release.xcconfig"; sourceTree = "<group>"; };
		7ADCDD66B8CAF57994103A94 /* Pods-MDFTestingExample.release.xcconfig */ = {isa = PBXFileReference; includeInIndex = 1; lastKnownFileType = text.xcconfig; name = "Pods-MDFTestingExample.release.xcconfig"; path = "Target Support Files/Pods-MDFTestingExample/Pods-MDFTestingExample.release.xcconfig"; sourceTree = "<group>"; };
		C11C30C16CE0580787910EB0 /* Pods_MDFTestingExampleTests.framework */ = {isa = PBXFileReference; explicitFileType = wrapper.framework; includeInIndex = 0; path = Pods_MDFTestingExampleTests.framework; sourceTree = BUILT_PRODUCTS_DIR; };
		DCD4CC4A92653115E0C9DA6A /* Pods-MDFTestingExampleTests.debug.xcconfig */ = {isa = PBXFileReference; includeInIndex = 1; lastKnownFileType = text.xcconfig; name = "Pods-MDFTestingExampleTests.debug.xcconfig"; path = "Target Support Files/Pods-MDFTestingExampleTests/Pods-MDFTestingExampleTests.debug.xcconfig"; sourceTree = "<group>"; };
		DD87104F233A7EFD0014F4B7 /* MDFTestingExample.framework */ = {isa = PBXFileReference; explicitFileType = wrapper.framework; includeInIndex = 0; path = MDFTestingExample.framework; sourceTree = BUILT_PRODUCTS_DIR; };
		DD871052233A7EFD0014F4B7 /* MDFTestingExample.h */ = {isa = PBXFileReference; lastKnownFileType = sourcecode.c.h; path = MDFTestingExample.h; sourceTree = "<group>"; };
		DD871053233A7EFD0014F4B7 /* Info.plist */ = {isa = PBXFileReference; lastKnownFileType = text.plist.xml; path = Info.plist; sourceTree = "<group>"; };
		DD871058233A7EFD0014F4B7 /* MDFTestingExampleTests.xctest */ = {isa = PBXFileReference; explicitFileType = wrapper.cfbundle; includeInIndex = 0; path = MDFTestingExampleTests.xctest; sourceTree = BUILT_PRODUCTS_DIR; };
		DD87105D233A7EFD0014F4B7 /* MDFTestingExampleTests.m */ = {isa = PBXFileReference; lastKnownFileType = sourcecode.c.objc; path = MDFTestingExampleTests.m; sourceTree = "<group>"; };
		DD87105F233A7EFD0014F4B7 /* Info.plist */ = {isa = PBXFileReference; lastKnownFileType = text.plist.xml; path = Info.plist; sourceTree = "<group>"; };
		F6E77774A9873CAE97FDA065 /* Pods_MDFTestingExample.framework */ = {isa = PBXFileReference; explicitFileType = wrapper.framework; includeInIndex = 0; path = Pods_MDFTestingExample.framework; sourceTree = BUILT_PRODUCTS_DIR; };
/* End PBXFileReference section */

/* Begin PBXFrameworksBuildPhase section */
		DD87104C233A7EFD0014F4B7 /* Frameworks */ = {
			isa = PBXFrameworksBuildPhase;
			buildActionMask = 2147483647;
			files = (
				3F58A7D75352AB201CE74469 /* Pods_MDFTestingExample.framework in Frameworks */,
			);
			runOnlyForDeploymentPostprocessing = 0;
		};
		DD871055233A7EFD0014F4B7 /* Frameworks */ = {
			isa = PBXFrameworksBuildPhase;
			buildActionMask = 2147483647;
			files = (
				DD871059233A7EFD0014F4B7 /* MDFTestingExample.framework in Frameworks */,
				6D3795EADFFC8D33661DF027 /* Pods_MDFTestingExampleTests.framework in Frameworks */,
			);
			runOnlyForDeploymentPostprocessing = 0;
		};
/* End PBXFrameworksBuildPhase section */

/* Begin PBXGroup section */
		336A9DA51DF09848A2B64FB4 /* Pods */ = {
			isa = PBXGroup;
			children = (
				4B3F5953F119D0A3DAD77F6F /* Pods-MDFTestingExample.debug.xcconfig */,
				7ADCDD66B8CAF57994103A94 /* Pods-MDFTestingExample.release.xcconfig */,
				571FA44A9DE51C32011ED73B /* Pods-MDFTestingExample-MDFTestingExampleTests.debug.xcconfig */,
				530877F2D8E8C01AC18840AF /* Pods-MDFTestingExample-MDFTestingExampleTests.release.xcconfig */,
				DCD4CC4A92653115E0C9DA6A /* Pods-MDFTestingExampleTests.debug.xcconfig */,
				6638BE40B1620AEBCF0E190E /* Pods-MDFTestingExampleTests.release.xcconfig */,
			);
			name = Pods;
			path = ../Pods;
			sourceTree = "<group>";
		};
		AD02EAF62A17C2D46896232C /* Frameworks */ = {
			isa = PBXGroup;
			children = (
				F6E77774A9873CAE97FDA065 /* Pods_MDFTestingExample.framework */,
				C11C30C16CE0580787910EB0 /* Pods_MDFTestingExampleTests.framework */,
			);
			name = Frameworks;
			sourceTree = "<group>";
		};
		DD871045233A7EFD0014F4B7 = {
			isa = PBXGroup;
			children = (
				DD871051233A7EFD0014F4B7 /* MDFTestingExample */,
				DD87105C233A7EFD0014F4B7 /* MDFTestingExampleTests */,
				DD871050233A7EFD0014F4B7 /* Products */,
				336A9DA51DF09848A2B64FB4 /* Pods */,
				AD02EAF62A17C2D46896232C /* Frameworks */,
			);
			sourceTree = "<group>";
		};
		DD871050233A7EFD0014F4B7 /* Products */ = {
			isa = PBXGroup;
			children = (
				DD87104F233A7EFD0014F4B7 /* MDFTestingExample.framework */,
				DD871058233A7EFD0014F4B7 /* MDFTestingExampleTests.xctest */,
			);
			name = Products;
			sourceTree = "<group>";
		};
		DD871051233A7EFD0014F4B7 /* MDFTestingExample */ = {
			isa = PBXGroup;
			children = (
				DD871052233A7EFD0014F4B7 /* MDFTestingExample.h */,
				DD871053233A7EFD0014F4B7 /* Info.plist */,
			);
			path = MDFTestingExample;
			sourceTree = "<group>";
		};
		DD87105C233A7EFD0014F4B7 /* MDFTestingExampleTests */ = {
			isa = PBXGroup;
			children = (
				DD87105D233A7EFD0014F4B7 /* MDFTestingExampleTests.m */,
				DD87105F233A7EFD0014F4B7 /* Info.plist */,
			);
			path = MDFTestingExampleTests;
			sourceTree = "<group>";
		};
/* End PBXGroup section */

/* Begin PBXHeadersBuildPhase section */
		DD87104A233A7EFD0014F4B7 /* Headers */ = {
			isa = PBXHeadersBuildPhase;
			buildActionMask = 2147483647;
			files = (
				DD871060233A7EFD0014F4B7 /* MDFTestingExample.h in Headers */,
			);
			runOnlyForDeploymentPostprocessing = 0;
		};
/* End PBXHeadersBuildPhase section */

/* Begin PBXNativeTarget section */
		DD87104E233A7EFD0014F4B7 /* MDFTestingExample */ = {
			isa = PBXNativeTarget;
			buildConfigurationList = DD871063233A7EFD0014F4B7 /* Build configuration list for PBXNativeTarget "MDFTestingExample" */;
			buildPhases = (
				7ED1E310CE301A0FB676E9E5 /* [CP] Check Pods Manifest.lock */,
				DD87104A233A7EFD0014F4B7 /* Headers */,
				DD87104B233A7EFD0014F4B7 /* Sources */,
				DD87104C233A7EFD0014F4B7 /* Frameworks */,
				DD87104D233A7EFD0014F4B7 /* Resources */,
			);
			buildRules = (
			);
			dependencies = (
			);
			name = MDFTestingExample;
			productName = MDFTestingExample;
			productReference = DD87104F233A7EFD0014F4B7 /* MDFTestingExample.framework */;
			productType = "com.apple.product-type.framework";
		};
		DD871057233A7EFD0014F4B7 /* MDFTestingExampleTests */ = {
			isa = PBXNativeTarget;
			buildConfigurationList = DD871066233A7EFD0014F4B7 /* Build configuration list for PBXNativeTarget "MDFTestingExampleTests" */;
			buildPhases = (
				828362338B5E1F7936BB7072 /* [CP] Check Pods Manifest.lock */,
				DD871054233A7EFD0014F4B7 /* Sources */,
				DD871055233A7EFD0014F4B7 /* Frameworks */,
				DD871056233A7EFD0014F4B7 /* Resources */,
				017F6E6B3D6C962415B3B733 /* [CP] Embed Pods Frameworks */,
			);
			buildRules = (
			);
			dependencies = (
				DD87105B233A7EFD0014F4B7 /* PBXTargetDependency */,
			);
			name = MDFTestingExampleTests;
			productName = MDFTestingExampleTests;
			productReference = DD871058233A7EFD0014F4B7 /* MDFTestingExampleTests.xctest */;
			productType = "com.apple.product-type.bundle.unit-test";
		};
/* End PBXNativeTarget section */

/* Begin PBXProject section */
		DD871046233A7EFD0014F4B7 /* Project object */ = {
			isa = PBXProject;
			attributes = {
				LastUpgradeCheck = 1100;
				ORGANIZATIONNAME = "Wenyu Zhang";
				TargetAttributes = {
					DD87104E233A7EFD0014F4B7 = {
						CreatedOnToolsVersion = 11.0;
					};
					DD871057233A7EFD0014F4B7 = {
						CreatedOnToolsVersion = 11.0;
					};
				};
			};
			buildConfigurationList = DD871049233A7EFD0014F4B7 /* Build configuration list for PBXProject "MDFTestingExample" */;
			compatibilityVersion = "Xcode 9.3";
			developmentRegion = en;
			hasScannedForEncodings = 0;
			knownRegions = (
				en,
				Base,
			);
			mainGroup = DD871045233A7EFD0014F4B7;
			productRefGroup = DD871050233A7EFD0014F4B7 /* Products */;
			projectDirPath = "";
			projectRoot = "";
			targets = (
				DD87104E233A7EFD0014F4B7 /* MDFTestingExample */,
				DD871057233A7EFD0014F4B7 /* MDFTestingExampleTests */,
			);
		};
/* End PBXProject section */

/* Begin PBXResourcesBuildPhase section */
		DD87104D233A7EFD0014F4B7 /* Resources */ = {
			isa = PBXResourcesBuildPhase;
			buildActionMask = 2147483647;
			files = (
			);
			runOnlyForDeploymentPostprocessing = 0;
		};
		DD871056233A7EFD0014F4B7 /* Resources */ = {
			isa = PBXResourcesBuildPhase;
			buildActionMask = 2147483647;
			files = (
			);
			runOnlyForDeploymentPostprocessing = 0;
		};
/* End PBXResourcesBuildPhase section */

/* Begin PBXShellScriptBuildPhase section */
		017F6E6B3D6C962415B3B733 /* [CP] Embed Pods Frameworks */ = {
			isa = PBXShellScriptBuildPhase;
			buildActionMask = 2147483647;
			files = (
			);
			inputFileListPaths = (
				"${PODS_ROOT}/Target Support Files/Pods-MDFTestingExampleTests/Pods-MDFTestingExampleTests-frameworks-${CONFIGURATION}-input-files.xcfilelist",
			);
			name = "[CP] Embed Pods Frameworks";
			outputFileListPaths = (
				"${PODS_ROOT}/Target Support Files/Pods-MDFTestingExampleTests/Pods-MDFTestingExampleTests-frameworks-${CONFIGURATION}-output-files.xcfilelist",
			);
			runOnlyForDeploymentPostprocessing = 0;
			shellPath = /bin/sh;
			shellScript = "\"${PODS_ROOT}/Target Support Files/Pods-MDFTestingExampleTests/Pods-MDFTestingExampleTests-frameworks.sh\"\n";
			showEnvVarsInLog = 0;
		};
		7ED1E310CE301A0FB676E9E5 /* [CP] Check Pods Manifest.lock */ = {
			isa = PBXShellScriptBuildPhase;
			buildActionMask = 2147483647;
			files = (
			);
			inputFileListPaths = (
			);
			inputPaths = (
				"${PODS_PODFILE_DIR_PATH}/Podfile.lock",
				"${PODS_ROOT}/Manifest.lock",
			);
			name = "[CP] Check Pods Manifest.lock";
			outputFileListPaths = (
			);
			outputPaths = (
				"$(DERIVED_FILE_DIR)/Pods-MDFTestingExample-checkManifestLockResult.txt",
			);
			runOnlyForDeploymentPostprocessing = 0;
			shellPath = /bin/sh;
			shellScript = "diff \"${PODS_PODFILE_DIR_PATH}/Podfile.lock\" \"${PODS_ROOT}/Manifest.lock\" > /dev/null\nif [ $? != 0 ] ; then\n    # print error to STDERR\n    echo \"error: The sandbox is not in sync with the Podfile.lock. Run 'pod install' or update your CocoaPods installation.\" >&2\n    exit 1\nfi\n# This output is used by Xcode 'outputs' to avoid re-running this script phase.\necho \"SUCCESS\" > \"${SCRIPT_OUTPUT_FILE_0}\"\n";
			showEnvVarsInLog = 0;
		};
		828362338B5E1F7936BB7072 /* [CP] Check Pods Manifest.lock */ = {
			isa = PBXShellScriptBuildPhase;
			buildActionMask = 2147483647;
			files = (
			);
			inputFileListPaths = (
			);
			inputPaths = (
				"${PODS_PODFILE_DIR_PATH}/Podfile.lock",
				"${PODS_ROOT}/Manifest.lock",
			);
			name = "[CP] Check Pods Manifest.lock";
			outputFileListPaths = (
			);
			outputPaths = (
				"$(DERIVED_FILE_DIR)/Pods-MDFTestingExampleTests-checkManifestLockResult.txt",
			);
			runOnlyForDeploymentPostprocessing = 0;
			shellPath = /bin/sh;
			shellScript = "diff \"${PODS_PODFILE_DIR_PATH}/Podfile.lock\" \"${PODS_ROOT}/Manifest.lock\" > /dev/null\nif [ $? != 0 ] ; then\n    # print error to STDERR\n    echo \"error: The sandbox is not in sync with the Podfile.lock. Run 'pod install' or update your CocoaPods installation.\" >&2\n    exit 1\nfi\n# This output is used by Xcode 'outputs' to avoid re-running this script phase.\necho \"SUCCESS\" > \"${SCRIPT_OUTPUT_FILE_0}\"\n";
			showEnvVarsInLog = 0;
		};
/* End PBXShellScriptBuildPhase section */

/* Begin PBXSourcesBuildPhase section */
		DD87104B233A7EFD0014F4B7 /* Sources */ = {
			isa = PBXSourcesBuildPhase;
			buildActionMask = 2147483647;
			files = (
			);
			runOnlyForDeploymentPostprocessing = 0;
		};
		DD871054233A7EFD0014F4B7 /* Sources */ = {
			isa = PBXSourcesBuildPhase;
			buildActionMask = 2147483647;
			files = (
				DD87105E233A7EFD0014F4B7 /* MDFTestingExampleTests.m in Sources */,
			);
			runOnlyForDeploymentPostprocessing = 0;
		};
/* End PBXSourcesBuildPhase section */

/* Begin PBXTargetDependency section */
		DD87105B233A7EFD0014F4B7 /* PBXTargetDependency */ = {
			isa = PBXTargetDependency;
			target = DD87104E233A7EFD0014F4B7 /* MDFTestingExample */;
			targetProxy = DD87105A233A7EFD0014F4B7 /* PBXContainerItemProxy */;
		};
/* End PBXTargetDependency section */

/* Begin XCBuildConfiguration section */
		DD871061233A7EFD0014F4B7 /* Debug */ = {
			isa = XCBuildConfiguration;
			buildSettings = {
				ALWAYS_SEARCH_USER_PATHS = NO;
				CLANG_ANALYZER_NONNULL = YES;
				CLANG_ANALYZER_NUMBER_OBJECT_CONVERSION = YES_AGGRESSIVE;
				CLANG_CXX_LANGUAGE_STANDARD = "gnu++14";
				CLANG_CXX_LIBRARY = "libc++";
				CLANG_ENABLE_MODULES = YES;
				CLANG_ENABLE_OBJC_ARC = YES;
				CLANG_ENABLE_OBJC_WEAK = YES;
				CLANG_WARN_BLOCK_CAPTURE_AUTORELEASING = YES;
				CLANG_WARN_BOOL_CONVERSION = YES;
				CLANG_WARN_COMMA = YES;
				CLANG_WARN_CONSTANT_CONVERSION = YES;
				CLANG_WARN_DEPRECATED_OBJC_IMPLEMENTATIONS = YES;
				CLANG_WARN_DIRECT_OBJC_ISA_USAGE = YES_ERROR;
				CLANG_WARN_DOCUMENTATION_COMMENTS = YES;
				CLANG_WARN_EMPTY_BODY = YES;
				CLANG_WARN_ENUM_CONVERSION = YES;
				CLANG_WARN_INFINITE_RECURSION = YES;
				CLANG_WARN_INT_CONVERSION = YES;
				CLANG_WARN_NON_LITERAL_NULL_CONVERSION = YES;
				CLANG_WARN_OBJC_IMPLICIT_RETAIN_SELF = YES;
				CLANG_WARN_OBJC_LITERAL_CONVERSION = YES;
				CLANG_WARN_OBJC_ROOT_CLASS = YES_ERROR;
				CLANG_WARN_RANGE_LOOP_ANALYSIS = YES;
				CLANG_WARN_STRICT_PROTOTYPES = YES;
				CLANG_WARN_SUSPICIOUS_MOVE = YES;
				CLANG_WARN_UNGUARDED_AVAILABILITY = YES_AGGRESSIVE;
				CLANG_WARN_UNREACHABLE_CODE = YES;
				CLANG_WARN__DUPLICATE_METHOD_MATCH = YES;
				COPY_PHASE_STRIP = NO;
				CURRENT_PROJECT_VERSION = 1;
				DEBUG_INFORMATION_FORMAT = dwarf;
				ENABLE_STRICT_OBJC_MSGSEND = YES;
				ENABLE_TESTABILITY = YES;
				GCC_C_LANGUAGE_STANDARD = gnu11;
				GCC_DYNAMIC_NO_PIC = NO;
				GCC_NO_COMMON_BLOCKS = YES;
				GCC_OPTIMIZATION_LEVEL = 0;
				GCC_PREPROCESSOR_DEFINITIONS = (
					"DEBUG=1",
					"$(inherited)",
				);
				GCC_WARN_64_TO_32_BIT_CONVERSION = YES;
				GCC_WARN_ABOUT_RETURN_TYPE = YES_ERROR;
				GCC_WARN_UNDECLARED_SELECTOR = YES;
				GCC_WARN_UNINITIALIZED_AUTOS = YES_AGGRESSIVE;
				GCC_WARN_UNUSED_FUNCTION = YES;
				GCC_WARN_UNUSED_VARIABLE = YES;
				IPHONEOS_DEPLOYMENT_TARGET = 13.0;
				MTL_ENABLE_DEBUG_INFO = INCLUDE_SOURCE;
				MTL_FAST_MATH = YES;
				ONLY_ACTIVE_ARCH = YES;
				SDKROOT = iphoneos;
				VERSIONING_SYSTEM = "apple-generic";
				VERSION_INFO_PREFIX = "";
			};
			name = Debug;
		};
		DD871062233A7EFD0014F4B7 /* Release */ = {
			isa = XCBuildConfiguration;
			buildSettings = {
				ALWAYS_SEARCH_USER_PATHS = NO;
				CLANG_ANALYZER_NONNULL = YES;
				CLANG_ANALYZER_NUMBER_OBJECT_CONVERSION = YES_AGGRESSIVE;
				CLANG_CXX_LANGUAGE_STANDARD = "gnu++14";
				CLANG_CXX_LIBRARY = "libc++";
				CLANG_ENABLE_MODULES = YES;
				CLANG_ENABLE_OBJC_ARC = YES;
				CLANG_ENABLE_OBJC_WEAK = YES;
				CLANG_WARN_BLOCK_CAPTURE_AUTORELEASING = YES;
				CLANG_WARN_BOOL_CONVERSION = YES;
				CLANG_WARN_COMMA = YES;
				CLANG_WARN_CONSTANT_CONVERSION = YES;
				CLANG_WARN_DEPRECATED_OBJC_IMPLEMENTATIONS = YES;
				CLANG_WARN_DIRECT_OBJC_ISA_USAGE = YES_ERROR;
				CLANG_WARN_DOCUMENTATION_COMMENTS = YES;
				CLANG_WARN_EMPTY_BODY = YES;
				CLANG_WARN_ENUM_CONVERSION = YES;
				CLANG_WARN_INFINITE_RECURSION = YES;
				CLANG_WARN_INT_CONVERSION = YES;
				CLANG_WARN_NON_LITERAL_NULL_CONVERSION = YES;
				CLANG_WARN_OBJC_IMPLICIT_RETAIN_SELF = YES;
				CLANG_WARN_OBJC_LITERAL_CONVERSION = YES;
				CLANG_WARN_OBJC_ROOT_CLASS = YES_ERROR;
				CLANG_WARN_RANGE_LOOP_ANALYSIS = YES;
				CLANG_WARN_STRICT_PROTOTYPES = YES;
				CLANG_WARN_SUSPICIOUS_MOVE = YES;
				CLANG_WARN_UNGUARDED_AVAILABILITY = YES_AGGRESSIVE;
				CLANG_WARN_UNREACHABLE_CODE = YES;
				CLANG_WARN__DUPLICATE_METHOD_MATCH = YES;
				COPY_PHASE_STRIP = NO;
				CURRENT_PROJECT_VERSION = 1;
				DEBUG_INFORMATION_FORMAT = "dwarf-with-dsym";
				ENABLE_NS_ASSERTIONS = NO;
				ENABLE_STRICT_OBJC_MSGSEND = YES;
				GCC_C_LANGUAGE_STANDARD = gnu11;
				GCC_NO_COMMON_BLOCKS = YES;
				GCC_WARN_64_TO_32_BIT_CONVERSION = YES;
				GCC_WARN_ABOUT_RETURN_TYPE = YES_ERROR;
				GCC_WARN_UNDECLARED_SELECTOR = YES;
				GCC_WARN_UNINITIALIZED_AUTOS = YES_AGGRESSIVE;
				GCC_WARN_UNUSED_FUNCTION = YES;
				GCC_WARN_UNUSED_VARIABLE = YES;
				IPHONEOS_DEPLOYMENT_TARGET = 13.0;
				MTL_ENABLE_DEBUG_INFO = NO;
				MTL_FAST_MATH = YES;
				SDKROOT = iphoneos;
				VALIDATE_PRODUCT = YES;
				VERSIONING_SYSTEM = "apple-generic";
				VERSION_INFO_PREFIX = "";
			};
			name = Release;
		};
		DD871064233A7EFD0014F4B7 /* Debug */ = {
			isa = XCBuildConfiguration;
			baseConfigurationReference = 4B3F5953F119D0A3DAD77F6F /* Pods-MDFTestingExample.debug.xcconfig */;
			buildSettings = {
				CODE_SIGN_STYLE = Automatic;
				DEFINES_MODULE = YES;
				DYLIB_COMPATIBILITY_VERSION = 1;
				DYLIB_CURRENT_VERSION = 1;
				DYLIB_INSTALL_NAME_BASE = "@rpath";
				INFOPLIST_FILE = MDFTestingExample/Info.plist;
				INSTALL_PATH = "$(LOCAL_LIBRARY_DIR)/Frameworks";
				LD_RUNPATH_SEARCH_PATHS = (
					"$(inherited)",
					"@executable_path/Frameworks",
					"@loader_path/Frameworks",
				);
				PRODUCT_BUNDLE_IDENTIFIER = Google.MDFTestingExample;
				PRODUCT_NAME = "$(TARGET_NAME:c99extidentifier)";
				SKIP_INSTALL = YES;
				TARGETED_DEVICE_FAMILY = "1,2";
			};
			name = Debug;
		};
		DD871065233A7EFD0014F4B7 /* Release */ = {
			isa = XCBuildConfiguration;
			baseConfigurationReference = 7ADCDD66B8CAF57994103A94 /* Pods-MDFTestingExample.release.xcconfig */;
			buildSettings = {
				CODE_SIGN_STYLE = Automatic;
				DEFINES_MODULE = YES;
				DYLIB_COMPATIBILITY_VERSION = 1;
				DYLIB_CURRENT_VERSION = 1;
				DYLIB_INSTALL_NAME_BASE = "@rpath";
				INFOPLIST_FILE = MDFTestingExample/Info.plist;
				INSTALL_PATH = "$(LOCAL_LIBRARY_DIR)/Frameworks";
				LD_RUNPATH_SEARCH_PATHS = (
					"$(inherited)",
					"@executable_path/Frameworks",
					"@loader_path/Frameworks",
				);
				PRODUCT_BUNDLE_IDENTIFIER = Google.MDFTestingExample;
				PRODUCT_NAME = "$(TARGET_NAME:c99extidentifier)";
				SKIP_INSTALL = YES;
				TARGETED_DEVICE_FAMILY = "1,2";
			};
			name = Release;
		};
		DD871067233A7EFD0014F4B7 /* Debug */ = {
			isa = XCBuildConfiguration;
			baseConfigurationReference = DCD4CC4A92653115E0C9DA6A /* Pods-MDFTestingExampleTests.debug.xcconfig */;
			buildSettings = {
				CODE_SIGN_STYLE = Automatic;
				INFOPLIST_FILE = MDFTestingExampleTests/Info.plist;
				LD_RUNPATH_SEARCH_PATHS = (
					"$(inherited)",
					"@executable_path/Frameworks",
					"@loader_path/Frameworks",
				);
				PRODUCT_BUNDLE_IDENTIFIER = Google.MDFTestingExampleTests;
				PRODUCT_NAME = "$(TARGET_NAME)";
				TARGETED_DEVICE_FAMILY = "1,2";
			};
			name = Debug;
		};
		DD871068233A7EFD0014F4B7 /* Release */ = {
			isa = XCBuildConfiguration;
			baseConfigurationReference = 6638BE40B1620AEBCF0E190E /* Pods-MDFTestingExampleTests.release.xcconfig */;
			buildSettings = {
				CODE_SIGN_STYLE = Automatic;
				INFOPLIST_FILE = MDFTestingExampleTests/Info.plist;
				LD_RUNPATH_SEARCH_PATHS = (
					"$(inherited)",
					"@executable_path/Frameworks",
					"@loader_path/Frameworks",
				);
				PRODUCT_BUNDLE_IDENTIFIER = Google.MDFTestingExampleTests;
				PRODUCT_NAME = "$(TARGET_NAME)";
				TARGETED_DEVICE_FAMILY = "1,2";
			};
			name = Release;
		};
/* End XCBuildConfiguration section */

/* Begin XCConfigurationList section */
		DD871049233A7EFD0014F4B7 /* Build configuration list for PBXProject "MDFTestingExample" */ = {
			isa = XCConfigurationList;
			buildConfigurations = (
				DD871061233A7EFD0014F4B7 /* Debug */,
				DD871062233A7EFD0014F4B7 /* Release */,
			);
			defaultConfigurationIsVisible = 0;
			defaultConfigurationName = Release;
		};
		DD871063233A7EFD0014F4B7 /* Build configuration list for PBXNativeTarget "MDFTestingExample" */ = {
			isa = XCConfigurationList;
			buildConfigurations = (
				DD871064233A7EFD0014F4B7 /* Debug */,
				DD871065233A7EFD0014F4B7 /* Release */,
			);
			defaultConfigurationIsVisible = 0;
			defaultConfigurationName = Release;
		};
		DD871066233A7EFD0014F4B7 /* Build configuration list for PBXNativeTarget "MDFTestingExampleTests" */ = {
			isa = XCConfigurationList;
			buildConfigurations = (
				DD871067233A7EFD0014F4B7 /* Debug */,
				DD871068233A7EFD0014F4B7 /* Release */,
			);
			defaultConfigurationIsVisible = 0;
			defaultConfigurationName = Release;
		};
/* End XCConfigurationList section */
	};
	rootObject = DD871046233A7EFD0014F4B7 /* Project object */;
}
