PODS:
  - MDFTesting (1.0.2):
    - MDFTesting/MDFTesting (= 1.0.2)
  - MDFTesting/MDFTesting (1.0.2)

DEPENDENCIES:
  - MDFTesting (from `../`)

EXTERNAL SOURCES:
  MDFTesting:
    :path: "../"

SPEC CHECKSUMS:
  MDFTesting: 7cc0f91ee418509f4290d0fb3a491b0bb5d1efbc

PODFILE CHECKSUM: f68cc4584957218d15c617848be26ebbd4bf5c8f

COCOAPODS: 1.7.2
