PODS:
  - MDFTesting (1.0.2):
    - MDFTesting/MDFTesting (= 1.0.2)
  - MDFTesting/MDFTesting (1.0.2)

DEPENDENCIES:
  - MDFTesting (from `../`)

EXTERNAL SOURCES:
  MDFTesting:
    :path: "../"

SPEC CHECKSUMS:
  MDFTesting: 568e62b1ff9fad25637d971e152d59f43ff1ad1e

PODFILE CHECKSUM: f68cc4584957218d15c617848be26ebbd4bf5c8f

COCOAPODS: 1.7.2
